[metadata]
lock_version = 3
declaration_hash_version = 1
declaration_hash = "sha256:2be7d627f0261dc69e77c4ccf3440f190ea605f5f87eb2b2ada2ae731b55291c"
generated_by = "ocx 0.6.5"
generated_at = "2026-10-10T17:03:39Z"

[[tool]]
name = "jq"
group = "default"
repository = "ocx.sh/jqlang/jq"

[tool.platforms]
"darwin/amd64" = "sha256:f750c91d28769d12298ba9a4c10340152fcbdd48c48102bf275c21d736cc72a2"
"darwin/arm64" = "sha256:c5cf10597aacad9b7925f937c966ec72145ea6a40f7f7ef4cac11f90c43130b1"
"linux/amd64" = "sha256:913ff41f5e643a73c17a2e560e349d8eea255f50b293156e58da15b957baacae"
"linux/arm64" = "sha256:81b771e5c4e9b70cfeb19c825ca2b00a5078c238e7d3175eee9d772cedda006b"
"windows/amd64" = "sha256:bab93861d95a25d33163cc9499cb17bb109028d6537ca55b8427af21c1fdc989"

[[tool]]
name = "shellcheck"
group = "lint"
repository = "ocx.sh/shellcheck/shellcheck"

[tool.platforms]
"darwin/amd64" = "sha256:3f609d1f8981b9b62804a788fc78c90ec7e8fac8d6a24b5e76b18be14964e08a"
"darwin/arm64" = "sha256:e1dd86d5905f3979d8de0f02b563d53ce051bf5244422a3592a427161d8d75f2"
"linux/amd64" = "sha256:3981b442fff3f6bf9ae93e4c293e53322ffc9135e0b654620bc800464bdaf379"
"linux/arm64" = "sha256:57f540d6f5a6f094f7c4e441e2294cb712abb2991d47736f91a56dde2c8025dd"
"windows/amd64" = "sha256:ed1c498bddcc23a95ff99af7d17fa60f34e9d505d1557a1ba0c49e20d6d1d26f"
